// !$*UTF8*$!
{
	archiveVersion = 1;
	classes = {
	};
	objectVersion = 46;
	objects = {

/* Begin PBXBuildFile section */
		CD06F8871E5E03E80044CEEF /* AppDelegate.swift in Sources */ = {isa = PBXBuildFile; fileRef = CD06F8861E5E03E80044CEEF /* AppDelegate.swift */; };
		CD06F8891E5E03E80044CEEF /* ViewController.swift in Sources */ = {isa = PBXBuildFile; fileRef = CD06F8881E5E03E80044CEEF /* ViewController.swift */; };
		CD06F88E1E5E03E80044CEEF /* Assets.xcassets in Resources */ = {isa = PBXBuildFile; fileRef = CD06F88D1E5E03E80044CEEF /* Assets.xcassets */; };
		CD06F8911E5E03E80044CEEF /* LaunchScreen.storyboard in Resources */ = {isa = PBXBuildFile; fileRef = CD06F88F1E5E03E80044CEEF /* LaunchScreen.storyboard */; };
		CD06F8991E5E0A390044CEEF /* SearchUserVC.swift in Sources */ = {isa = PBXBuildFile; fileRef = CD06F8981E5E0A390044CEEF /* SearchUserVC.swift */; };
		CD06F89F1E5E3CC80044CEEF /* findHub.jpg in Resources */ = {isa = PBXBuildFile; fileRef = CD06F89E1E5E3CC80044CEEF /* findHub.jpg */; };
		CD06F8A21E5F48350044CEEF /* TableViewUserRepCell.swift in Sources */ = {isa = PBXBuildFile; fileRef = CD06F8A11E5F48350044CEEF /* TableViewUserRepCell.swift */; };
		CD1F717B1E60ADC30068A4D6 /* FindUserViewController.swift in Sources */ = {isa = PBXBuildFile; fileRef = CD1F717A1E60ADC30068A4D6 /* FindUserViewController.swift */; };
		CD1F717D1E60ADD50068A4D6 /* FindReposViewController.swift in Sources */ = {isa = PBXBuildFile; fileRef = CD1F717C1E60ADD50068A4D6 /* FindReposViewController.swift */; };
		CD1F717F1E60E5AB0068A4D6 /* TableViewFindUserCell.swift in Sources */ = {isa = PBXBuildFile; fileRef = CD1F717E1E60E5AA0068A4D6 /* TableViewFindUserCell.swift */; };
		CD1F71811E60E5BB0068A4D6 /* TableViewFindReposCell.swift in Sources */ = {isa = PBXBuildFile; fileRef = CD1F71801E60E5BB0068A4D6 /* TableViewFindReposCell.swift */; };
		CD1F71851E6111E00068A4D6 /* Main.storyboard in Resources */ = {isa = PBXBuildFile; fileRef = CD1F71831E6111E00068A4D6 /* Main.storyboard */; };
		CD2C01FA1E648EEC00ECAD66 /* Colors.m in Sources */ = {isa = PBXBuildFile; fileRef = CD2C01F91E648EEC00ECAD66 /* Colors.m */; };
		CD2C01FC1E64BD0100ECAD66 /* areulookingfor.png in Resources */ = {isa = PBXBuildFile; fileRef = CD2C01FB1E64BD0100ECAD66 /* areulookingfor.png */; };
/* End PBXBuildFile section */

/* Begin PBXFileReference section */
		CD06F8831E5E03E80044CEEF /* FindHub.app */ = {isa = PBXFileReference; explicitFileType = wrapper.application; includeInIndex = 0; path = FindHub.app; sourceTree = BUILT_PRODUCTS_DIR; };
		CD06F8861E5E03E80044CEEF /* AppDelegate.swift */ = {isa = PBXFileReference; lastKnownFileType = sourcecode.swift; path = AppDelegate.swift; sourceTree = "<group>"; };
		CD06F8881E5E03E80044CEEF /* ViewController.swift */ = {isa = PBXFileReference; lastKnownFileType = sourcecode.swift; path = ViewController.swift; sourceTree = "<group>"; };
		CD06F88D1E5E03E80044CEEF /* Assets.xcassets */ = {isa = PBXFileReference; lastKnownFileType = folder.assetcatalog; path = Assets.xcassets; sourceTree = "<group>"; };
		CD06F8901E5E03E80044CEEF /* Base */ = {isa = PBXFileReference; lastKnownFileType = file.storyboard; name = Base; path = Base.lproj/LaunchScreen.storyboard; sourceTree = "<group>"; };
		CD06F8921E5E03E80044CEEF /* Info.plist */ = {isa = PBXFileReference; lastKnownFileType = text.plist.xml; path = Info.plist; sourceTree = "<group>"; };
		CD06F8981E5E0A390044CEEF /* SearchUserVC.swift */ = {isa = PBXFileReference; fileEncoding = 4; lastKnownFileType = sourcecode.swift; path = SearchUserVC.swift; sourceTree = "<group>"; };
		CD06F89E1E5E3CC80044CEEF /* findHub.jpg */ = {isa = PBXFileReference; lastKnownFileType = image.jpeg; path = findHub.jpg; sourceTree = "<group>"; };
		CD06F8A11E5F48350044CEEF /* TableViewUserRepCell.swift */ = {isa = PBXFileReference; fileEncoding = 4; lastKnownFileType = sourcecode.swift; path = TableViewUserRepCell.swift; sourceTree = "<group>"; };
		CD1F717A1E60ADC30068A4D6 /* FindUserViewController.swift */ = {isa = PBXFileReference; fileEncoding = 4; lastKnownFileType = sourcecode.swift; path = FindUserViewController.swift; sourceTree = "<group>"; };
		CD1F717C1E60ADD50068A4D6 /* FindReposViewController.swift */ = {isa = PBXFileReference; fileEncoding = 4; lastKnownFileType = sourcecode.swift; path = FindReposViewController.swift; sourceTree = "<group>"; };
		CD1F717E1E60E5AA0068A4D6 /* TableViewFindUserCell.swift */ = {isa = PBXFileReference; fileEncoding = 4; lastKnownFileType = sourcecode.swift; path = TableViewFindUserCell.swift; sourceTree = "<group>"; };
		CD1F71801E60E5BB0068A4D6 /* TableViewFindReposCell.swift */ = {isa = PBXFileReference; fileEncoding = 4; lastKnownFileType = sourcecode.swift; path = TableViewFindReposCell.swift; sourceTree = "<group>"; };
		CD1F71841E6111E00068A4D6 /* Base */ = {isa = PBXFileReference; lastKnownFileType = file.storyboard; name = Base; path = Base.lproj/Main.storyboard; sourceTree = "<group>"; };
		CD2C01F71E648ED900ECAD66 /* Colors.h */ = {isa = PBXFileReference; lastKnownFileType = sourcecode.c.h; path = Colors.h; sourceTree = "<group>"; };
		CD2C01F81E648EEC00ECAD66 /* FindHub-Bridging-Header.h */ = {isa = PBXFileReference; lastKnownFileType = sourcecode.c.h; path = "FindHub-Bridging-Header.h"; sourceTree = "<group>"; };
		CD2C01F91E648EEC00ECAD66 /* Colors.m */ = {isa = PBXFileReference; fileEncoding = 4; lastKnownFileType = sourcecode.c.objc; path = Colors.m; sourceTree = "<group>"; };
		CD2C01FB1E64BD0100ECAD66 /* areulookingfor.png */ = {isa = PBXFileReference; lastKnownFileType = image.png; path = areulookingfor.png; sourceTree = "<group>"; };
/* End PBXFileReference section */

/* Begin PBXFrameworksBuildPhase section */
		CD06F8801E5E03E80044CEEF /* Frameworks */ = {
			isa = PBXFrameworksBuildPhase;
			buildActionMask = 2147483647;
			files = (
			);
			runOnlyForDeploymentPostprocessing = 0;
		};
/* End PBXFrameworksBuildPhase section */

/* Begin PBXGroup section */
		CD06F87A1E5E03E80044CEEF = {
			isa = PBXGroup;
			children = (
				CD06F8851E5E03E80044CEEF /* FindHub */,
				CD06F8841E5E03E80044CEEF /* Products */,
			);
			sourceTree = "<group>";
		};
		CD06F8841E5E03E80044CEEF /* Products */ = {
			isa = PBXGroup;
			children = (
				CD06F8831E5E03E80044CEEF /* FindHub.app */,
			);
			name = Products;
			sourceTree = "<group>";
		};
		CD06F8851E5E03E80044CEEF /* FindHub */ = {
			isa = PBXGroup;
			children = (
				CD06F8861E5E03E80044CEEF /* AppDelegate.swift */,
				CD2C01F71E648ED900ECAD66 /* Colors.h */,
				CD2C01F91E648EEC00ECAD66 /* Colors.m */,
				CD2C01F81E648EEC00ECAD66 /* FindHub-Bridging-Header.h */,
				CD1F71821E60EE960068A4D6 /* ViewController */,
				CD06F8A01E5E51A80044CEEF /* images */,
				CD1F71831E6111E00068A4D6 /* Main.storyboard */,
				CD06F88D1E5E03E80044CEEF /* Assets.xcassets */,
				CD06F88F1E5E03E80044CEEF /* LaunchScreen.storyboard */,
				CD06F8921E5E03E80044CEEF /* Info.plist */,
			);
			path = FindHub;
			sourceTree = "<group>";
		};
		CD06F8A01E5E51A80044CEEF /* images */ = {
			isa = PBXGroup;
			children = (
				CD2C01FB1E64BD0100ECAD66 /* areulookingfor.png */,
				CD06F89E1E5E3CC80044CEEF /* findHub.jpg */,
			);
			name = images;
			sourceTree = "<group>";
		};
		CD1F71821E60EE960068A4D6 /* ViewController */ = {
			isa = PBXGroup;
			children = (
				CD06F8881E5E03E80044CEEF /* ViewController.swift */,
				CD1F717A1E60ADC30068A4D6 /* FindUserViewController.swift */,
				CD1F717C1E60ADD50068A4D6 /* FindReposViewController.swift */,
				CD1F71801E60E5BB0068A4D6 /* TableViewFindReposCell.swift */,
				CD1F717E1E60E5AA0068A4D6 /* TableViewFindUserCell.swift */,
				CD06F8981E5E0A390044CEEF /* SearchUserVC.swift */,
				CD06F8A11E5F48350044CEEF /* TableViewUserRepCell.swift */,
			);
			name = ViewController;
			sourceTree = "<group>";
		};
/* End PBXGroup section */

/* Begin PBXNativeTarget section */
		CD06F8821E5E03E80044CEEF /* FindHub */ = {
			isa = PBXNativeTarget;
			buildConfigurationList = CD06F8951E5E03E80044CEEF /* Build configuration list for PBXNativeTarget "FindHub" */;
			buildPhases = (
				CD06F87F1E5E03E80044CEEF /* Sources */,
				CD06F8801E5E03E80044CEEF /* Frameworks */,
				CD06F8811E5E03E80044CEEF /* Resources */,
			);
			buildRules = (
			);
			dependencies = (
			);
			name = FindHub;
			productName = FindHub;
			productReference = CD06F8831E5E03E80044CEEF /* FindHub.app */;
			productType = "com.apple.product-type.application";
		};
/* End PBXNativeTarget section */

/* Begin PBXProject section */
		CD06F87B1E5E03E80044CEEF /* Project object */ = {
			isa = PBXProject;
			attributes = {
				LastSwiftUpdateCheck = 0820;
				LastUpgradeCheck = 0820;
				ORGANIZATIONNAME = Santosplb;
				TargetAttributes = {
					CD06F8821E5E03E80044CEEF = {
						CreatedOnToolsVersion = 8.2.1;
						LastSwiftMigration = 0820;
						ProvisioningStyle = Automatic;
					};
				};
			};
			buildConfigurationList = CD06F87E1E5E03E80044CEEF /* Build configuration list for PBXProject "FindHub" */;
			compatibilityVersion = "Xcode 3.2";
			developmentRegion = English;
			hasScannedForEncodings = 0;
			knownRegions = (
				en,
				Base,
			);
			mainGroup = CD06F87A1E5E03E80044CEEF;
			productRefGroup = CD06F8841E5E03E80044CEEF /* Products */;
			projectDirPath = "";
			projectRoot = "";
			targets = (
				CD06F8821E5E03E80044CEEF /* FindHub */,
			);
		};
/* End PBXProject section */

/* Begin PBXResourcesBuildPhase section */
		CD06F8811E5E03E80044CEEF /* Resources */ = {
			isa = PBXResourcesBuildPhase;
			buildActionMask = 2147483647;
			files = (
				CD2C01FC1E64BD0100ECAD66 /* areulookingfor.png in Resources */,
				CD06F8911E5E03E80044CEEF /* LaunchScreen.storyboard in Resources */,
				CD06F88E1E5E03E80044CEEF /* Assets.xcassets in Resources */,
				CD06F89F1E5E3CC80044CEEF /* findHub.jpg in Resources */,
				CD1F71851E6111E00068A4D6 /* Main.storyboard in Resources */,
			);
			runOnlyForDeploymentPostprocessing = 0;
		};
/* End PBXResourcesBuildPhase section */

/* Begin PBXSourcesBuildPhase section */
		CD06F87F1E5E03E80044CEEF /* Sources */ = {
			isa = PBXSourcesBuildPhase;
			buildActionMask = 2147483647;
			files = (
				CD06F8891E5E03E80044CEEF /* ViewController.swift in Sources */,
				CD2C01FA1E648EEC00ECAD66 /* Colors.m in Sources */,
				CD1F717F1E60E5AB0068A4D6 /* TableViewFindUserCell.swift in Sources */,
				CD1F71811E60E5BB0068A4D6 /* TableViewFindReposCell.swift in Sources */,
				CD1F717D1E60ADD50068A4D6 /* FindReposViewController.swift in Sources */,
				CD06F8991E5E0A390044CEEF /* SearchUserVC.swift in Sources */,
				CD06F8A21E5F48350044CEEF /* TableViewUserRepCell.swift in Sources */,
				CD06F8871E5E03E80044CEEF /* AppDelegate.swift in Sources */,
				CD1F717B1E60ADC30068A4D6 /* FindUserViewController.swift in Sources */,
			);
			runOnlyForDeploymentPostprocessing = 0;
		};
/* End PBXSourcesBuildPhase section */

/* Begin PBXVariantGroup section */
		CD06F88F1E5E03E80044CEEF /* LaunchScreen.storyboard */ = {
			isa = PBXVariantGroup;
			children = (
				CD06F8901E5E03E80044CEEF /* Base */,
			);
			name = LaunchScreen.storyboard;
			sourceTree = "<group>";
		};
		CD1F71831E6111E00068A4D6 /* Main.storyboard */ = {
			isa = PBXVariantGroup;
			children = (
				CD1F71841E6111E00068A4D6 /* Base */,
			);
			name = Main.storyboard;
			sourceTree = "<group>";
		};
/* End PBXVariantGroup section */

/* Begin XCBuildConfiguration section */
		CD06F8931E5E03E80044CEEF /* Debug */ = {
			isa = XCBuildConfiguration;
			buildSettings = {
				ALWAYS_SEARCH_USER_PATHS = NO;
				CLANG_ANALYZER_NONNULL = YES;
				CLANG_CXX_LANGUAGE_STANDARD = "gnu++0x";
				CLANG_CXX_LIBRARY = "libc++";
				CLANG_ENABLE_MODULES = YES;
				CLANG_ENABLE_OBJC_ARC = YES;
				CLANG_WARN_BOOL_CONVERSION = YES;
				CLANG_WARN_CONSTANT_CONVERSION = YES;
				CLANG_WARN_DIRECT_OBJC_ISA_USAGE = YES_ERROR;
				CLANG_WARN_DOCUMENTATION_COMMENTS = YES;
				CLANG_WARN_EMPTY_BODY = YES;
				CLANG_WARN_ENUM_CONVERSION = YES;
				CLANG_WARN_INFINITE_RECURSION = YES;
				CLANG_WARN_INT_CONVERSION = YES;
				CLANG_WARN_OBJC_ROOT_CLASS = YES_ERROR;
				CLANG_WARN_SUSPICIOUS_MOVE = YES;
				CLANG_WARN_UNREACHABLE_CODE = YES;
				CLANG_WARN__DUPLICATE_METHOD_MATCH = YES;
				"CODE_SIGN_IDENTITY[sdk=iphoneos*]" = "iPhone Developer";
				COPY_PHASE_STRIP = NO;
				DEBUG_INFORMATION_FORMAT = dwarf;
				ENABLE_STRICT_OBJC_MSGSEND = YES;
				ENABLE_TESTABILITY = YES;
				GCC_C_LANGUAGE_STANDARD = gnu99;
				GCC_DYNAMIC_NO_PIC = NO;
				GCC_NO_COMMON_BLOCKS = YES;
				GCC_OPTIMIZATION_LEVEL = 0;
				GCC_PREPROCESSOR_DEFINITIONS = (
					"DEBUG=1",
					"$(inherited)",
				);
				GCC_WARN_64_TO_32_BIT_CONVERSION = YES;
				GCC_WARN_ABOUT_RETURN_TYPE = YES_ERROR;
				GCC_WARN_UNDECLARED_SELECTOR = YES;
				GCC_WARN_UNINITIALIZED_AUTOS = YES_AGGRESSIVE;
				GCC_WARN_UNUSED_FUNCTION = YES;
				GCC_WARN_UNUSED_VARIABLE = YES;
				IPHONEOS_DEPLOYMENT_TARGET = 8.0;
				MTL_ENABLE_DEBUG_INFO = YES;
				ONLY_ACTIVE_ARCH = YES;
				SDKROOT = iphoneos;
				SWIFT_ACTIVE_COMPILATION_CONDITIONS = DEBUG;
				SWIFT_OPTIMIZATION_LEVEL = "-Onone";
			};
			name = Debug;
		};
		CD06F8941E5E03E80044CEEF /* Release */ = {
			isa = XCBuildConfiguration;
			buildSettings = {
				ALWAYS_SEARCH_USER_PATHS = NO;
				CLANG_ANALYZER_NONNULL = YES;
				CLANG_CXX_LANGUAGE_STANDARD = "gnu++0x";
				CLANG_CXX_LIBRARY = "libc++";
				CLANG_ENABLE_MODULES = YES;
				CLANG_ENABLE_OBJC_ARC = YES;
				CLANG_WARN_BOOL_CONVERSION = YES;
				CLANG_WARN_CONSTANT_CONVERSION = YES;
				CLANG_WARN_DIRECT_OBJC_ISA_USAGE = YES_ERROR;
				CLANG_WARN_DOCUMENTATION_COMMENTS = YES;
				CLANG_WARN_EMPTY_BODY = YES;
				CLANG_WARN_ENUM_CONVERSION = YES;
				CLANG_WARN_INFINITE_RECURSION = YES;
				CLANG_WARN_INT_CONVERSION = YES;
				CLANG_WARN_OBJC_ROOT_CLASS = YES_ERROR;
				CLANG_WARN_SUSPICIOUS_MOVE = YES;
				CLANG_WARN_UNREACHABLE_CODE = YES;
				CLANG_WARN__DUPLICATE_METHOD_MATCH = YES;
				"CODE_SIGN_IDENTITY[sdk=iphoneos*]" = "iPhone Developer";
				COPY_PHASE_STRIP = NO;
				DEBUG_INFORMATION_FORMAT = "dwarf-with-dsym";
				ENABLE_NS_ASSERTIONS = NO;
				ENABLE_STRICT_OBJC_MSGSEND = YES;
				GCC_C_LANGUAGE_STANDARD = gnu99;
				GCC_NO_COMMON_BLOCKS = YES;
				GCC_WARN_64_TO_32_BIT_CONVERSION = YES;
				GCC_WARN_ABOUT_RETURN_TYPE = YES_ERROR;
				GCC_WARN_UNDECLARED_SELECTOR = YES;
				GCC_WARN_UNINITIALIZED_AUTOS = YES_AGGRESSIVE;
				GCC_WARN_UNUSED_FUNCTION = YES;
				GCC_WARN_UNUSED_VARIABLE = YES;
				IPHONEOS_DEPLOYMENT_TARGET = 8.0;
				MTL_ENABLE_DEBUG_INFO = NO;
				SDKROOT = iphoneos;
				SWIFT_OPTIMIZATION_LEVEL = "-Owholemodule";
				VALIDATE_PRODUCT = YES;
			};
			name = Release;
		};
		CD06F8961E5E03E80044CEEF /* Debug */ = {
			isa = XCBuildConfiguration;
			buildSettings = {
				ASSETCATALOG_COMPILER_APPICON_NAME = AppIcon;
				CLANG_ENABLE_MODULES = YES;
				INFOPLIST_FILE = FindHub/Info.plist;
				LD_RUNPATH_SEARCH_PATHS = "$(inherited) @executable_path/Frameworks";
				PRODUCT_BUNDLE_IDENTIFIER = santosplb.FindHub;
				PRODUCT_NAME = "$(TARGET_NAME)";
				SWIFT_OBJC_BRIDGING_HEADER = "FindHub/FindHub-Bridging-Header.h";
				SWIFT_OPTIMIZATION_LEVEL = "-Onone";
				SWIFT_VERSION = 3.0;
			};
			name = Debug;
		};
		CD06F8971E5E03E80044CEEF /* Release */ = {
			isa = XCBuildConfiguration;
			buildSettings = {
				ASSETCATALOG_COMPILER_APPICON_NAME = AppIcon;
				CLANG_ENABLE_MODULES = YES;
				INFOPLIST_FILE = FindHub/Info.plist;
				LD_RUNPATH_SEARCH_PATHS = "$(inherited) @executable_path/Frameworks";
				PRODUCT_BUNDLE_IDENTIFIER = santosplb.FindHub;
				PRODUCT_NAME = "$(TARGET_NAME)";
				SWIFT_OBJC_BRIDGING_HEADER = "FindHub/FindHub-Bridging-Header.h";
				SWIFT_VERSION = 3.0;
			};
			name = Release;
		};
/* End XCBuildConfiguration section */

/* Begin XCConfigurationList section */
		CD06F87E1E5E03E80044CEEF /* Build configuration list for PBXProject "FindHub" */ = {
			isa = XCConfigurationList;
			buildConfigurations = (
				CD06F8931E5E03E80044CEEF /* Debug */,
				CD06F8941E5E03E80044CEEF /* Release */,
			);
			defaultConfigurationIsVisible = 0;
			defaultConfigurationName = Release;
		};
		CD06F8951E5E03E80044CEEF /* Build configuration list for PBXNativeTarget "FindHub" */ = {
			isa = XCConfigurationList;
			buildConfigurations = (
				CD06F8961E5E03E80044CEEF /* Debug */,
				CD06F8971E5E03E80044CEEF /* Release */,
			);
			defaultConfigurationIsVisible = 0;
			defaultConfigurationName = Release;
		};
/* End XCConfigurationList section */
	};
	rootObject = CD06F87B1E5E03E80044CEEF /* Project object */;
}
